// !$*UTF8*$!
{
	archiveVersion = 1;
	classes = {
	};
	objectVersion = 77;
	objects = {

/* Begin PBXContainerItemProxy section */
		D50216ED2FF1001500C9EAC2 /* PBXContainerItemProxy */ = {
			isa = PBXContainerItemProxy;
			containerPortal = D50216D52FF1001400C9EAC2 /* Project object */;
			proxyType = 1;
			remoteGlobalIDString = D50216DC2FF1001400C9EAC2;
			remoteInfo = "MenuBar-Manager";
		};
		D50216F72FF1001500C9EAC2 /* PBXContainerItemProxy */ = {
			isa = PBXContainerItemProxy;
			containerPortal = D50216D52FF1001400C9EAC2 /* Project object */;
			proxyType = 1;
			remoteGlobalIDString = D50216DC2FF1001400C9EAC2;
			remoteInfo = "MenuBar-Manager";
		};
/* End PBXContainerItemProxy section */

/* Begin PBXFileReference section */
		D50216DD2FF1001400C9EAC2 /* MenuBar-Manager.app */ = {isa = PBXFileReference; explicitFileType = wrapper.application; includeInIndex = 0; path = "MenuBar-Manager.app"; sourceTree = BUILT_PRODUCTS_DIR; };
		D50216EC2FF1001500C9EAC2 /* MenuBar-ManagerTests.xctest */ = {isa = PBXFileReference; explicitFileType = wrapper.cfbundle; includeInIndex = 0; path = "MenuBar-ManagerTests.xctest"; sourceTree = BUILT_PRODUCTS_DIR; };
		D50216F62FF1001500C9EAC2 /* MenuBar-ManagerUITests.xctest */ = {isa = PBXFileReference; explicitFileType = wrapper.cfbundle; includeInIndex = 0; path = "MenuBar-ManagerUITests.xctest"; sourceTree = BUILT_PRODUCTS_DIR; };
/* End PBXFileReference section */

/* Begin PBXFileSystemSynchronizedRootGroup section */
		D50216DF2FF1001400C9EAC2 /* MenuBar-Manager */ = {
			isa = PBXFileSystemSynchronizedRootGroup;
			path = "MenuBar-Manager";
			sourceTree = "<group>";
		};
		D50216EF2FF1001500C9EAC2 /* MenuBar-ManagerTests */ = {
			isa = PBXFileSystemSynchronizedRootGroup;
			path = "MenuBar-ManagerTests";
			sourceTree = "<group>";
		};
		D50216F92FF1001500C9EAC2 /* MenuBar-ManagerUITests */ = {
			isa = PBXFileSystemSynchronizedRootGroup;
			path = "MenuBar-ManagerUITests";
			sourceTree = "<group>";
		};
/* End PBXFileSystemSynchronizedRootGroup section */

/* Begin PBXFrameworksBuildPhase section */
		D50216DA2FF1001400C9EAC2 /* Frameworks */ = {
			isa = PBXFrameworksBuildPhase;
			buildActionMask = 2147483647;
			files = (
			);
			runOnlyForDeploymentPostprocessing = 0;
		};
		D50216E92FF1001500C9EAC2 /* Frameworks */ = {
			isa = PBXFrameworksBuildPhase;
			buildActionMask = 2147483647;
			files = (
			);
			runOnlyForDeploymentPostprocessing = 0;
		};
		D50216F32FF1001500C9EAC2 /* Frameworks */ = {
			isa = PBXFrameworksBuildPhase;
			buildActionMask = 2147483647;
			files = (
			);
			runOnlyForDeploymentPostprocessing = 0;
		};
/* End PBXFrameworksBuildPhase section */

/* Begin PBXGroup section */
		D50216D42FF1001400C9EAC2 = {
			isa = PBXGroup;
			children = (
				D50216DF2FF1001400C9EAC2 /* MenuBar-Manager */,
				D50216EF2FF1001500C9EAC2 /* MenuBar-ManagerTests */,
				D50216F92FF1001500C9EAC2 /* MenuBar-ManagerUITests */,
				D50216DE2FF1001400C9EAC2 /* Products */,
			);
			sourceTree = "<group>";
		};
		D50216DE2FF1001400C9EAC2 /* Products */ = {
			isa = PBXGroup;
			children = (
				D50216DD2FF1001400C9EAC2 /* MenuBar-Manager.app */,
				D50216EC2FF1001500C9EAC2 /* MenuBar-ManagerTests.xctest */,
				D50216F62FF1001500C9EAC2 /* MenuBar-ManagerUITests.xctest */,
			);
			name = Products;
			sourceTree = "<group>";
		};
/* End PBXGroup section */

/* Begin PBXNativeTarget section */
		D50216DC2FF1001400C9EAC2 /* MenuBar-Manager */ = {
			isa = PBXNativeTarget;
			buildConfigurationList = D50217002FF1001500C9EAC2 /* Build configuration list for PBXNativeTarget "MenuBar-Manager" */;
			buildPhases = (
				D50216D92FF1001400C9EAC2 /* Sources */,
				D50216DA2FF1001400C9EAC2 /* Frameworks */,
				D50216DB2FF1001400C9EAC2 /* Resources */,
			);
			buildRules = (
			);
			dependencies = (
			);
			fileSystemSynchronizedGroups = (
				D50216DF2FF1001400C9EAC2 /* MenuBar-Manager */,
			);
			name = "MenuBar-Manager";
			packageProductDependencies = (
			);
			productName = "MenuBar-Manager";
			productReference = D50216DD2FF1001400C9EAC2 /* MenuBar-Manager.app */;
			productType = "com.apple.product-type.application";
		};
		D50216EB2FF1001500C9EAC2 /* MenuBar-ManagerTests */ = {
			isa = PBXNativeTarget;
			buildConfigurationList = D50217032FF1001500C9EAC2 /* Build configuration list for PBXNativeTarget "MenuBar-ManagerTests" */;
			buildPhases = (
				D50216E82FF1001500C9EAC2 /* Sources */,
				D50216E92FF1001500C9EAC2 /* Frameworks */,
				D50216EA2FF1001500C9EAC2 /* Resources */,
			);
			buildRules = (
			);
			dependencies = (
				D50216EE2FF1001500C9EAC2 /* PBXTargetDependency */,
			);
			fileSystemSynchronizedGroups = (
				D50216EF2FF1001500C9EAC2 /* MenuBar-ManagerTests */,
			);
			name = "MenuBar-ManagerTests";
			packageProductDependencies = (
			);
			productName = "MenuBar-ManagerTests";
			productReference = D50216EC2FF1001500C9EAC2 /* MenuBar-ManagerTests.xctest */;
			productType = "com.apple.product-type.bundle.unit-test";
		};
		D50216F52FF1001500C9EAC2 /* MenuBar-ManagerUITests */ = {
			isa = PBXNativeTarget;
			buildConfigurationList = D50217062FF1001500C9EAC2 /* Build configuration list for PBXNativeTarget "MenuBar-ManagerUITests" */;
			buildPhases = (
				D50216F22FF1001500C9EAC2 /* Sources */,
				D50216F32FF1001500C9EAC2 /* Frameworks */,
				D50216F42FF1001500C9EAC2 /* Resources */,
			);
			buildRules = (
			);
			dependencies = (
				D50216F82FF1001500C9EAC2 /* PBXTargetDependency */,
			);
			fileSystemSynchronizedGroups = (
				D50216F92FF1001500C9EAC2 /* MenuBar-ManagerUITests */,
			);
			name = "MenuBar-ManagerUITests";
			packageProductDependencies = (
			);
			productName = "MenuBar-ManagerUITests";
			productReference = D50216F62FF1001500C9EAC2 /* MenuBar-ManagerUITests.xctest */;
			productType = "com.apple.product-type.bundle.ui-testing";
		};
/* End PBXNativeTarget section */

/* Begin PBXProject section */
		D50216D52FF1001400C9EAC2 /* Project object */ = {
			isa = PBXProject;
			attributes = {
				BuildIndependentTargetsInParallel = 1;
				LastSwiftUpdateCheck = 2630;
				LastUpgradeCheck = 2630;
				TargetAttributes = {
					D50216DC2FF1001400C9EAC2 = {
						CreatedOnToolsVersion = 26.3;
					};
					D50216EB2FF1001500C9EAC2 = {
						CreatedOnToolsVersion = 26.3;
						TestTargetID = D50216DC2FF1001400C9EAC2;
					};
					D50216F52FF1001500C9EAC2 = {
						CreatedOnToolsVersion = 26.3;
						TestTargetID = D50216DC2FF1001400C9EAC2;
					};
				};
			};
			buildConfigurationList = D50216D82FF1001400C9EAC2 /* Build configuration list for PBXProject "MenuBar-Manager" */;
			developmentRegion = en;
			hasScannedForEncodings = 0;
			knownRegions = (
				en,
				Base,
			);
			mainGroup = D50216D42FF1001400C9EAC2;
			minimizedProjectReferenceProxies = 1;
			preferredProjectObjectVersion = 77;
			productRefGroup = D50216DE2FF1001400C9EAC2 /* Products */;
			projectDirPath = "";
			projectRoot = "";
			targets = (
				D50216DC2FF1001400C9EAC2 /* MenuBar-Manager */,
				D50216EB2FF1001500C9EAC2 /* MenuBar-ManagerTests */,
				D50216F52FF1001500C9EAC2 /* MenuBar-ManagerUITests */,
			);
		};
/* End PBXProject section */

/* Begin PBXResourcesBuildPhase section */
		D50216DB2FF1001400C9EAC2 /* Resources */ = {
			isa = PBXResourcesBuildPhase;
			buildActionMask = 2147483647;
			files = (
			);
			runOnlyForDeploymentPostprocessing = 0;
		};
		D50216EA2FF1001500C9EAC2 /* Resources */ = {
			isa = PBXResourcesBuildPhase;
			buildActionMask = 2147483647;
			files = (
			);
			runOnlyForDeploymentPostprocessing = 0;
		};
		D50216F42FF1001500C9EAC2 /* Resources */ = {
			isa = PBXResourcesBuildPhase;
			buildActionMask = 2147483647;
			files = (
			);
			runOnlyForDeploymentPostprocessing = 0;
		};
/* End PBXResourcesBuildPhase section */

/* Begin PBXSourcesBuildPhase section */
		D50216D92FF1001400C9EAC2 /* Sources */ = {
			isa = PBXSourcesBuildPhase;
			buildActionMask = 2147483647;
			files = (
			);
			runOnlyForDeploymentPostprocessing = 0;
		};
		D50216E82FF1001500C9EAC2 /* Sources */ = {
			isa = PBXSourcesBuildPhase;
			buildActionMask = 2147483647;
			files = (
			);
			runOnlyForDeploymentPostprocessing = 0;
		};
		D50216F22FF1001500C9EAC2 /* Sources */ = {
			isa = PBXSourcesBuildPhase;
			buildActionMask = 2147483647;
			files = (
			);
			runOnlyForDeploymentPostprocessing = 0;
		};
/* End PBXSourcesBuildPhase section */

/* Begin PBXTargetDependency section */
		D50216EE2FF1001500C9EAC2 /* PBXTargetDependency */ = {
			isa = PBXTargetDependency;
			target = D50216DC2FF1001400C9EAC2 /* MenuBar-Manager */;
			targetProxy = D50216ED2FF1001500C9EAC2 /* PBXContainerItemProxy */;
		};
		D50216F82FF1001500C9EAC2 /* PBXTargetDependency */ = {
			isa = PBXTargetDependency;
			target = D50216DC2FF1001400C9EAC2 /* MenuBar-Manager */;
			targetProxy = D50216F72FF1001500C9EAC2 /* PBXContainerItemProxy */;
		};
/* End PBXTargetDependency section */

/* Begin XCBuildConfiguration section */
		D50216FE2FF1001500C9EAC2 /* Debug */ = {
			isa = XCBuildConfiguration;
			buildSettings = {
				ALWAYS_SEARCH_USER_PATHS = NO;
				ASSETCATALOG_COMPILER_GENERATE_SWIFT_ASSET_SYMBOL_EXTENSIONS = YES;
				CLANG_ANALYZER_NONNULL = YES;
				CLANG_ANALYZER_NUMBER_OBJECT_CONVERSION = YES_AGGRESSIVE;
				CLANG_CXX_LANGUAGE_STANDARD = "gnu++20";
				CLANG_ENABLE_MODULES = YES;
				CLANG_ENABLE_OBJC_ARC = YES;
				CLANG_ENABLE_OBJC_WEAK = YES;
				CLANG_WARN_BLOCK_CAPTURE_AUTORELEASING = YES;
				CLANG_WARN_BOOL_CONVERSION = YES;
				CLANG_WARN_COMMA = YES;
				CLANG_WARN_CONSTANT_CONVERSION = YES;
				CLANG_WARN_DEPRECATED_OBJC_IMPLEMENTATIONS = YES;
				CLANG_WARN_DIRECT_OBJC_ISA_USAGE = YES_ERROR;
				CLANG_WARN_DOCUMENTATION_COMMENTS = YES;
				CLANG_WARN_EMPTY_BODY = YES;
				CLANG_WARN_ENUM_CONVERSION = YES;
				CLANG_WARN_INFINITE_RECURSION = YES;
				CLANG_WARN_INT_CONVERSION = YES;
				CLANG_WARN_NON_LITERAL_NULL_CONVERSION = YES;
				CLANG_WARN_OBJC_IMPLICIT_RETAIN_SELF = YES;
				CLANG_WARN_OBJC_LITERAL_CONVERSION = YES;
				CLANG_WARN_OBJC_ROOT_CLASS = YES_ERROR;
				CLANG_WARN_QUOTED_INCLUDE_IN_FRAMEWORK_HEADER = YES;
				CLANG_WARN_RANGE_LOOP_ANALYSIS = YES;
				CLANG_WARN_STRICT_PROTOTYPES = YES;
				CLANG_WARN_SUSPICIOUS_MOVE = YES;
				CLANG_WARN_UNGUARDED_AVAILABILITY = YES_AGGRESSIVE;
				CLANG_WARN_UNREACHABLE_CODE = YES;
				CLANG_WARN__DUPLICATE_METHOD_MATCH = YES;
				COPY_PHASE_STRIP = NO;
				DEBUG_INFORMATION_FORMAT = dwarf;
				DEVELOPMENT_TEAM = LT2MVX436A;
				ENABLE_STRICT_OBJC_MSGSEND = YES;
				ENABLE_TESTABILITY = YES;
				ENABLE_USER_SCRIPT_SANDBOXING = YES;
				GCC_C_LANGUAGE_STANDARD = gnu17;
				GCC_DYNAMIC_NO_PIC = NO;
				GCC_NO_COMMON_BLOCKS = YES;
				GCC_OPTIMIZATION_LEVEL = 0;
				GCC_PREPROCESSOR_DEFINITIONS = (
					"DEBUG=1",
					"$(inherited)",
				);
				GCC_WARN_64_TO_32_BIT_CONVERSION = YES;
				GCC_WARN_ABOUT_RETURN_TYPE = YES_ERROR;
				GCC_WARN_UNDECLARED_SELECTOR = YES;
				GCC_WARN_UNINITIALIZED_AUTOS = YES_AGGRESSIVE;
				GCC_WARN_UNUSED_FUNCTION = YES;
				GCC_WARN_UNUSED_VARIABLE = YES;
				LOCALIZATION_PREFERS_STRING_CATALOGS = YES;
				MACOSX_DEPLOYMENT_TARGET = 26.0;
				MTL_ENABLE_DEBUG_INFO = INCLUDE_SOURCE;
				MTL_FAST_MATH = YES;
				ONLY_ACTIVE_ARCH = YES;
				SDKROOT = macosx;
				SWIFT_ACTIVE_COMPILATION_CONDITIONS = "DEBUG $(inherited)";
				SWIFT_OPTIMIZATION_LEVEL = "-Onone";
			};
			name = Debug;
		};
		D50216FF2FF1001500C9EAC2 /* Release */ = {
			isa = XCBuildConfiguration;
			buildSettings = {
				ALWAYS_SEARCH_USER_PATHS = NO;
				ASSETCATALOG_COMPILER_GENERATE_SWIFT_ASSET_SYMBOL_EXTENSIONS = YES;
				CLANG_ANALYZER_NONNULL = YES;
				CLANG_ANALYZER_NUMBER_OBJECT_CONVERSION = YES_AGGRESSIVE;
				CLANG_CXX_LANGUAGE_STANDARD = "gnu++20";
				CLANG_ENABLE_MODULES = YES;
				CLANG_ENABLE_OBJC_ARC = YES;
				CLANG_ENABLE_OBJC_WEAK = YES;
				CLANG_WARN_BLOCK_CAPTURE_AUTORELEASING = YES;
				CLANG_WARN_BOOL_CONVERSION = YES;
				CLANG_WARN_COMMA = YES;
				CLANG_WARN_CONSTANT_CONVERSION = YES;
				CLANG_WARN_DEPRECATED_OBJC_IMPLEMENTATIONS = YES;
				CLANG_WARN_DIRECT_OBJC_ISA_USAGE = YES_ERROR;
				CLANG_WARN_DOCUMENTATION_COMMENTS = YES;
				CLANG_WARN_EMPTY_BODY = YES;
				CLANG_WARN_ENUM_CONVERSION = YES;
				CLANG_WARN_INFINITE_RECURSION = YES;
				CLANG_WARN_INT_CONVERSION = YES;
				CLANG_WARN_NON_LITERAL_NULL_CONVERSION = YES;
				CLANG_WARN_OBJC_IMPLICIT_RETAIN_SELF = YES;
				CLANG_WARN_OBJC_LITERAL_CONVERSION = YES;
				CLANG_WARN_OBJC_ROOT_CLASS = YES_ERROR;
				CLANG_WARN_QUOTED_INCLUDE_IN_FRAMEWORK_HEADER = YES;
				CLANG_WARN_RANGE_LOOP_ANALYSIS = YES;
				CLANG_WARN_STRICT_PROTOTYPES = YES;
				CLANG_WARN_SUSPICIOUS_MOVE = YES;
				CLANG_WARN_UNGUARDED_AVAILABILITY = YES_AGGRESSIVE;
				CLANG_WARN_UNREACHABLE_CODE = YES;
				CLANG_WARN__DUPLICATE_METHOD_MATCH = YES;
				COPY_PHASE_STRIP = NO;
				DEBUG_INFORMATION_FORMAT = "dwarf-with-dsym";
				DEVELOPMENT_TEAM = LT2MVX436A;
				ENABLE_NS_ASSERTIONS = NO;
				ENABLE_STRICT_OBJC_MSGSEND = YES;
				ENABLE_USER_SCRIPT_SANDBOXING = YES;
				GCC_C_LANGUAGE_STANDARD = gnu17;
				GCC_NO_COMMON_BLOCKS = YES;
				GCC_WARN_64_TO_32_BIT_CONVERSION = YES;
				GCC_WARN_ABOUT_RETURN_TYPE = YES_ERROR;
				GCC_WARN_UNDECLARED_SELECTOR = YES;
				GCC_WARN_UNINITIALIZED_AUTOS = YES_AGGRESSIVE;
				GCC_WARN_UNUSED_FUNCTION = YES;
				GCC_WARN_UNUSED_VARIABLE = YES;
				LOCALIZATION_PREFERS_STRING_CATALOGS = YES;
				MACOSX_DEPLOYMENT_TARGET = 26.0;
				MTL_ENABLE_DEBUG_INFO = NO;
				MTL_FAST_MATH = YES;
				SDKROOT = macosx;
				SWIFT_COMPILATION_MODE = wholemodule;
			};
			name = Release;
		};
		D50217012FF1001500C9EAC2 /* Debug */ = {
			isa = XCBuildConfiguration;
			buildSettings = {
				ASSETCATALOG_COMPILER_APPICON_NAME = AppIcon;
				ASSETCATALOG_COMPILER_GLOBAL_ACCENT_COLOR_NAME = AccentColor;
				CODE_SIGN_STYLE = Automatic;
				COMBINE_HIDPI_IMAGES = YES;
				CURRENT_PROJECT_VERSION = 1;
				DEVELOPMENT_TEAM = LT2MVX436A;
				ENABLE_APP_SANDBOX = YES;
				ENABLE_HARDENED_RUNTIME = YES;
				ENABLE_PREVIEWS = YES;
					ENABLE_USER_SELECTED_FILES = readwrite;
				GENERATE_INFOPLIST_FILE = NO;
				INFOPLIST_FILE = "Config/MenuBarDeclutter-Info.plist";
				LD_RUNPATH_SEARCH_PATHS = (
					"$(inherited)",
					"@executable_path/../Frameworks",
				);
				MARKETING_VERSION = 1.0;
				PRODUCT_BUNDLE_IDENTIFIER = "Yongjun-Zhang.MenuBar-Manager";
				PRODUCT_NAME = "$(TARGET_NAME)";
				REGISTER_APP_GROUPS = YES;
				STRING_CATALOG_GENERATE_SYMBOLS = YES;
				SWIFT_APPROACHABLE_CONCURRENCY = YES;
				SWIFT_DEFAULT_ACTOR_ISOLATION = MainActor;
				SWIFT_EMIT_LOC_STRINGS = YES;
				SWIFT_UPCOMING_FEATURE_MEMBER_IMPORT_VISIBILITY = YES;
				SWIFT_VERSION = 6.0;
			};
			name = Debug;
		};
		D50217022FF1001500C9EAC2 /* Release */ = {
			isa = XCBuildConfiguration;
			buildSettings = {
				ASSETCATALOG_COMPILER_APPICON_NAME = AppIcon;
				ASSETCATALOG_COMPILER_GLOBAL_ACCENT_COLOR_NAME = AccentColor;
				CODE_SIGN_STYLE = Automatic;
				COMBINE_HIDPI_IMAGES = YES;
				CURRENT_PROJECT_VERSION = 1;
				DEVELOPMENT_TEAM = LT2MVX436A;
				ENABLE_APP_SANDBOX = YES;
				ENABLE_HARDENED_RUNTIME = YES;
				ENABLE_PREVIEWS = YES;
					ENABLE_USER_SELECTED_FILES = readwrite;
				GENERATE_INFOPLIST_FILE = NO;
				INFOPLIST_FILE = "Config/MenuBarDeclutter-Info.plist";
				LD_RUNPATH_SEARCH_PATHS = (
					"$(inherited)",
					"@executable_path/../Frameworks",
				);
				MARKETING_VERSION = 1.0;
				PRODUCT_BUNDLE_IDENTIFIER = "Yongjun-Zhang.MenuBar-Manager";
				PRODUCT_NAME = "$(TARGET_NAME)";
				REGISTER_APP_GROUPS = YES;
				STRING_CATALOG_GENERATE_SYMBOLS = YES;
				SWIFT_APPROACHABLE_CONCURRENCY = YES;
				SWIFT_DEFAULT_ACTOR_ISOLATION = MainActor;
				SWIFT_EMIT_LOC_STRINGS = YES;
				SWIFT_UPCOMING_FEATURE_MEMBER_IMPORT_VISIBILITY = YES;
				SWIFT_VERSION = 6.0;
			};
			name = Release;
		};
		D50217042FF1001500C9EAC2 /* Debug */ = {
			isa = XCBuildConfiguration;
			buildSettings = {
				BUNDLE_LOADER = "$(TEST_HOST)";
				CODE_SIGN_STYLE = Automatic;
				CURRENT_PROJECT_VERSION = 1;
				DEVELOPMENT_TEAM = LT2MVX436A;
				GENERATE_INFOPLIST_FILE = YES;
				MACOSX_DEPLOYMENT_TARGET = 26.0;
				MARKETING_VERSION = 1.0;
				PRODUCT_BUNDLE_IDENTIFIER = "Yongjun-Zhang.MenuBar-ManagerTests";
				PRODUCT_NAME = "$(TARGET_NAME)";
				STRING_CATALOG_GENERATE_SYMBOLS = NO;
				SWIFT_APPROACHABLE_CONCURRENCY = YES;
				SWIFT_EMIT_LOC_STRINGS = NO;
				SWIFT_UPCOMING_FEATURE_MEMBER_IMPORT_VISIBILITY = YES;
				SWIFT_VERSION = 6.0;
				TEST_HOST = "$(BUILT_PRODUCTS_DIR)/MenuBar-Manager.app/$(BUNDLE_EXECUTABLE_FOLDER_PATH)/MenuBar-Manager";
			};
			name = Debug;
		};
		D50217052FF1001500C9EAC2 /* Release */ = {
			isa = XCBuildConfiguration;
			buildSettings = {
				BUNDLE_LOADER = "$(TEST_HOST)";
				CODE_SIGN_STYLE = Automatic;
				CURRENT_PROJECT_VERSION = 1;
				DEVELOPMENT_TEAM = LT2MVX436A;
				GENERATE_INFOPLIST_FILE = YES;
				MACOSX_DEPLOYMENT_TARGET = 26.0;
				MARKETING_VERSION = 1.0;
				PRODUCT_BUNDLE_IDENTIFIER = "Yongjun-Zhang.MenuBar-ManagerTests";
				PRODUCT_NAME = "$(TARGET_NAME)";
				STRING_CATALOG_GENERATE_SYMBOLS = NO;
				SWIFT_APPROACHABLE_CONCURRENCY = YES;
				SWIFT_EMIT_LOC_STRINGS = NO;
				SWIFT_UPCOMING_FEATURE_MEMBER_IMPORT_VISIBILITY = YES;
				SWIFT_VERSION = 6.0;
				TEST_HOST = "$(BUILT_PRODUCTS_DIR)/MenuBar-Manager.app/$(BUNDLE_EXECUTABLE_FOLDER_PATH)/MenuBar-Manager";
			};
			name = Release;
		};
		D50217072FF1001500C9EAC2 /* Debug */ = {
			isa = XCBuildConfiguration;
			buildSettings = {
				CODE_SIGN_STYLE = Automatic;
				CURRENT_PROJECT_VERSION = 1;
				DEVELOPMENT_TEAM = LT2MVX436A;
				GENERATE_INFOPLIST_FILE = YES;
				MARKETING_VERSION = 1.0;
				PRODUCT_BUNDLE_IDENTIFIER = "Yongjun-Zhang.MenuBar-ManagerUITests";
				PRODUCT_NAME = "$(TARGET_NAME)";
				STRING_CATALOG_GENERATE_SYMBOLS = NO;
				SWIFT_APPROACHABLE_CONCURRENCY = YES;
				SWIFT_EMIT_LOC_STRINGS = NO;
				SWIFT_UPCOMING_FEATURE_MEMBER_IMPORT_VISIBILITY = YES;
				SWIFT_VERSION = 6.0;
				TEST_TARGET_NAME = "MenuBar-Manager";
			};
			name = Debug;
		};
		D50217082FF1001500C9EAC2 /* Release */ = {
			isa = XCBuildConfiguration;
			buildSettings = {
				CODE_SIGN_STYLE = Automatic;
				CURRENT_PROJECT_VERSION = 1;
				DEVELOPMENT_TEAM = LT2MVX436A;
				GENERATE_INFOPLIST_FILE = YES;
				MARKETING_VERSION = 1.0;
				PRODUCT_BUNDLE_IDENTIFIER = "Yongjun-Zhang.MenuBar-ManagerUITests";
				PRODUCT_NAME = "$(TARGET_NAME)";
				STRING_CATALOG_GENERATE_SYMBOLS = NO;
				SWIFT_APPROACHABLE_CONCURRENCY = YES;
				SWIFT_EMIT_LOC_STRINGS = NO;
				SWIFT_UPCOMING_FEATURE_MEMBER_IMPORT_VISIBILITY = YES;
				SWIFT_VERSION = 6.0;
				TEST_TARGET_NAME = "MenuBar-Manager";
			};
			name = Release;
		};
/* End XCBuildConfiguration section */

/* Begin XCConfigurationList section */
		D50216D82FF1001400C9EAC2 /* Build configuration list for PBXProject "MenuBar-Manager" */ = {
			isa = XCConfigurationList;
			buildConfigurations = (
				D50216FE2FF1001500C9EAC2 /* Debug */,
				D50216FF2FF1001500C9EAC2 /* Release */,
			);
			defaultConfigurationIsVisible = 0;
			defaultConfigurationName = Release;
		};
		D50217002FF1001500C9EAC2 /* Build configuration list for PBXNativeTarget "MenuBar-Manager" */ = {
			isa = XCConfigurationList;
			buildConfigurations = (
				D50217012FF1001500C9EAC2 /* Debug */,
				D50217022FF1001500C9EAC2 /* Release */,
			);
			defaultConfigurationIsVisible = 0;
			defaultConfigurationName = Release;
		};
		D50217032FF1001500C9EAC2 /* Build configuration list for PBXNativeTarget "MenuBar-ManagerTests" */ = {
			isa = XCConfigurationList;
			buildConfigurations = (
				D50217042FF1001500C9EAC2 /* Debug */,
				D50217052FF1001500C9EAC2 /* Release */,
			);
			defaultConfigurationIsVisible = 0;
			defaultConfigurationName = Release;
		};
		D50217062FF1001500C9EAC2 /* Build configuration list for PBXNativeTarget "MenuBar-ManagerUITests" */ = {
			isa = XCConfigurationList;
			buildConfigurations = (
				D50217072FF1001500C9EAC2 /* Debug */,
				D50217082FF1001500C9EAC2 /* Release */,
			);
			defaultConfigurationIsVisible = 0;
			defaultConfigurationName = Release;
		};
/* End XCConfigurationList section */
	};
	rootObject = D50216D52FF1001400C9EAC2 /* Project object */;
}
